// !$*UTF8*$!
{
	archiveVersion = 1;
	classes = {
	};
	objectVersion = 77;
	objects = {

/* Begin PBXBuildFile section */
		07902A6D2FB5791500A9479A /* RouteCardView.swift in Sources */ = {isa = PBXBuildFile; fileRef = 07902A6C2FB5791500A9479A /* RouteCardView.swift */; };
		07920E3D2FB2F8CE007F2D93 /* RouteDetailView.swift in Sources */ = {isa = PBXBuildFile; fileRef = 07920E3C2FB2F8CE007F2D93 /* RouteDetailView.swift */; };
/* End PBXBuildFile section */

/* Begin PBXContainerItemProxy section */
		07920E102FB2F66D007F2D93 /* PBXContainerItemProxy */ = {
			isa = PBXContainerItemProxy;
			containerPortal = 07920DFA2FB2F66C007F2D93 /* Project object */;
			proxyType = 1;
			remoteGlobalIDString = 07920E012FB2F66C007F2D93;
			remoteInfo = TransitIA;
		};
		07920E1A2FB2F66D007F2D93 /* PBXContainerItemProxy */ = {
			isa = PBXContainerItemProxy;
			containerPortal = 07920DFA2FB2F66C007F2D93 /* Project object */;
			proxyType = 1;
			remoteGlobalIDString = 07920E012FB2F66C007F2D93;
			remoteInfo = TransitIA;
		};
/* End PBXContainerItemProxy section */

/* Begin PBXFileReference section */
		07902A6C2FB5791500A9479A /* RouteCardView.swift */ = {isa = PBXFileReference; lastKnownFileType = sourcecode.swift; path = RouteCardView.swift; sourceTree = "<group>"; };
		07920E022FB2F66C007F2D93 /* TransitIA.app */ = {isa = PBXFileReference; explicitFileType = wrapper.application; includeInIndex = 0; path = TransitIA.app; sourceTree = BUILT_PRODUCTS_DIR; };
		07920E0F2FB2F66D007F2D93 /* TransitIATests.xctest */ = {isa = PBXFileReference; explicitFileType = wrapper.cfbundle; includeInIndex = 0; path = TransitIATests.xctest; sourceTree = BUILT_PRODUCTS_DIR; };
		07920E192FB2F66D007F2D93 /* TransitIAUITests.xctest */ = {isa = PBXFileReference; explicitFileType = wrapper.cfbundle; includeInIndex = 0; path = TransitIAUITests.xctest; sourceTree = BUILT_PRODUCTS_DIR; };
		07920E3C2FB2F8CE007F2D93 /* RouteDetailView.swift */ = {isa = PBXFileReference; lastKnownFileType = sourcecode.swift; path = RouteDetailView.swift; sourceTree = "<group>"; };
/* End PBXFileReference section */

/* Begin PBXFileSystemSynchronizedRootGroup section */
		07920E042FB2F66C007F2D93 /* TransitIA */ = {
			isa = PBXFileSystemSynchronizedRootGroup;
			path = TransitIA;
			sourceTree = "<group>";
		};
		07920E122FB2F66D007F2D93 /* TransitIATests */ = {
			isa = PBXFileSystemSynchronizedRootGroup;
			path = TransitIATests;
			sourceTree = "<group>";
		};
		07920E1C2FB2F66D007F2D93 /* TransitIAUITests */ = {
			isa = PBXFileSystemSynchronizedRootGroup;
			path = TransitIAUITests;
			sourceTree = "<group>";
		};
/* End PBXFileSystemSynchronizedRootGroup section */

/* Begin PBXFrameworksBuildPhase section */
		07920DFF2FB2F66C007F2D93 /* Frameworks */ = {
			isa = PBXFrameworksBuildPhase;
			buildActionMask = 2147483647;
			files = (
			);
			runOnlyForDeploymentPostprocessing = 0;
		};
		07920E0C2FB2F66D007F2D93 /* Frameworks */ = {
			isa = PBXFrameworksBuildPhase;
			buildActionMask = 2147483647;
			files = (
			);
			runOnlyForDeploymentPostprocessing = 0;
		};
		07920E162FB2F66D007F2D93 /* Frameworks */ = {
			isa = PBXFrameworksBuildPhase;
			buildActionMask = 2147483647;
			files = (
			);
			runOnlyForDeploymentPostprocessing = 0;
		};
/* End PBXFrameworksBuildPhase section */

/* Begin PBXGroup section */
		07920DF92FB2F66C007F2D93 = {
			isa = PBXGroup;
			children = (
				07920E042FB2F66C007F2D93 /* TransitIA */,
				07920E122FB2F66D007F2D93 /* TransitIATests */,
				07920E1C2FB2F66D007F2D93 /* TransitIAUITests */,
				07920E032FB2F66C007F2D93 /* Products */,
				07920E332FB2F7FB007F2D93 /* Models */,
				07920E352FB2F830007F2D93 /* Views */,
				07920E372FB2F857007F2D93 /* ViewModels */,
				07920E392FB2F86B007F2D93 /* Services */,
				07920E3B2FB2F880007F2D93 /* ML */,
			);
			sourceTree = "<group>";
		};
		07920E032FB2F66C007F2D93 /* Products */ = {
			isa = PBXGroup;
			children = (
				07920E022FB2F66C007F2D93 /* TransitIA.app */,
				07920E0F2FB2F66D007F2D93 /* TransitIATests.xctest */,
				07920E192FB2F66D007F2D93 /* TransitIAUITests.xctest */,
			);
			name = Products;
			sourceTree = "<group>";
		};
		07920E332FB2F7FB007F2D93 /* Models */ = {
			isa = PBXGroup;
			children = (
			);
			path = Models;
			sourceTree = "<group>";
		};
		07920E352FB2F830007F2D93 /* Views */ = {
			isa = PBXGroup;
			children = (
				07920E3C2FB2F8CE007F2D93 /* RouteDetailView.swift */,
				07902A6C2FB5791500A9479A /* RouteCardView.swift */,
			);
			path = Views;
			sourceTree = "<group>";
		};
		07920E372FB2F857007F2D93 /* ViewModels */ = {
			isa = PBXGroup;
			children = (
			);
			path = ViewModels;
			sourceTree = "<group>";
		};
		07920E392FB2F86B007F2D93 /* Services */ = {
			isa = PBXGroup;
			children = (
			);
			path = Services;
			sourceTree = "<group>";
		};
		07920E3B2FB2F880007F2D93 /* ML */ = {
			isa = PBXGroup;
			children = (
			);
			path = ML;
			sourceTree = "<group>";
		};
/* End PBXGroup section */

/* Begin PBXNativeTarget section */
		07920E012FB2F66C007F2D93 /* TransitIA */ = {
			isa = PBXNativeTarget;
			buildConfigurationList = 07920E232FB2F66D007F2D93 /* Build configuration list for PBXNativeTarget "TransitIA" */;
			buildPhases = (
				07920DFE2FB2F66C007F2D93 /* Sources */,
				07920DFF2FB2F66C007F2D93 /* Frameworks */,
				07920E002FB2F66C007F2D93 /* Resources */,
			);
			buildRules = (
			);
			dependencies = (
			);
			fileSystemSynchronizedGroups = (
				07920E042FB2F66C007F2D93 /* TransitIA */,
			);
			name = TransitIA;
			packageProductDependencies = (
			);
			productName = TransitIA;
			productReference = 07920E022FB2F66C007F2D93 /* TransitIA.app */;
			productType = "com.apple.product-type.application";
		};
		07920E0E2FB2F66D007F2D93 /* TransitIATests */ = {
			isa = PBXNativeTarget;
			buildConfigurationList = 07920E262FB2F66D007F2D93 /* Build configuration list for PBXNativeTarget "TransitIATests" */;
			buildPhases = (
				07920E0B2FB2F66D007F2D93 /* Sources */,
				07920E0C2FB2F66D007F2D93 /* Frameworks */,
				07920E0D2FB2F66D007F2D93 /* Resources */,
			);
			buildRules = (
			);
			dependencies = (
				07920E112FB2F66D007F2D93 /* PBXTargetDependency */,
			);
			fileSystemSynchronizedGroups = (
				07920E122FB2F66D007F2D93 /* TransitIATests */,
			);
			name = TransitIATests;
			packageProductDependencies = (
			);
			productName = TransitIATests;
			productReference = 07920E0F2FB2F66D007F2D93 /* TransitIATests.xctest */;
			productType = "com.apple.product-type.bundle.unit-test";
		};
		07920E182FB2F66D007F2D93 /* TransitIAUITests */ = {
			isa = PBXNativeTarget;
			buildConfigurationList = 07920E292FB2F66D007F2D93 /* Build configuration list for PBXNativeTarget "TransitIAUITests" */;
			buildPhases = (
				07920E152FB2F66D007F2D93 /* Sources */,
				07920E162FB2F66D007F2D93 /* Frameworks */,
				07920E172FB2F66D007F2D93 /* Resources */,
			);
			buildRules = (
			);
			dependencies = (
				07920E1B2FB2F66D007F2D93 /* PBXTargetDependency */,
			);
			fileSystemSynchronizedGroups = (
				07920E1C2FB2F66D007F2D93 /* TransitIAUITests */,
			);
			name = TransitIAUITests;
			packageProductDependencies = (
			);
			productName = TransitIAUITests;
			productReference = 07920E192FB2F66D007F2D93 /* TransitIAUITests.xctest */;
			productType = "com.apple.product-type.bundle.ui-testing";
		};
/* End PBXNativeTarget section */

/* Begin PBXProject section */
		07920DFA2FB2F66C007F2D93 /* Project object */ = {
			isa = PBXProject;
			attributes = {
				BuildIndependentTargetsInParallel = 1;
				LastSwiftUpdateCheck = 2640;
				LastUpgradeCheck = 2640;
				TargetAttributes = {
					07920E012FB2F66C007F2D93 = {
						CreatedOnToolsVersion = 26.4.1;
					};
					07920E0E2FB2F66D007F2D93 = {
						CreatedOnToolsVersion = 26.4.1;
						TestTargetID = 07920E012FB2F66C007F2D93;
					};
					07920E182FB2F66D007F2D93 = {
						CreatedOnToolsVersion = 26.4.1;
						TestTargetID = 07920E012FB2F66C007F2D93;
					};
				};
			};
			buildConfigurationList = 07920DFD2FB2F66C007F2D93 /* Build configuration list for PBXProject "TransitIA" */;
			developmentRegion = en;
			hasScannedForEncodings = 0;
			knownRegions = (
				en,
				Base,
			);
			mainGroup = 07920DF92FB2F66C007F2D93;
			minimizedProjectReferenceProxies = 1;
			preferredProjectObjectVersion = 77;
			productRefGroup = 07920E032FB2F66C007F2D93 /* Products */;
			projectDirPath = "";
			projectRoot = "";
			targets = (
				07920E012FB2F66C007F2D93 /* TransitIA */,
				07920E0E2FB2F66D007F2D93 /* TransitIATests */,
				07920E182FB2F66D007F2D93 /* TransitIAUITests */,
			);
		};
/* End PBXProject section */

/* Begin PBXResourcesBuildPhase section */
		07920E002FB2F66C007F2D93 /* Resources */ = {
			isa = PBXResourcesBuildPhase;
			buildActionMask = 2147483647;
			files = (
			);
			runOnlyForDeploymentPostprocessing = 0;
		};
		07920E0D2FB2F66D007F2D93 /* Resources */ = {
			isa = PBXResourcesBuildPhase;
			buildActionMask = 2147483647;
			files = (
			);
			runOnlyForDeploymentPostprocessing = 0;
		};
		07920E172FB2F66D007F2D93 /* Resources */ = {
			isa = PBXResourcesBuildPhase;
			buildActionMask = 2147483647;
			files = (
			);
			runOnlyForDeploymentPostprocessing = 0;
		};
/* End PBXResourcesBuildPhase section */

/* Begin PBXSourcesBuildPhase section */
		07920DFE2FB2F66C007F2D93 /* Sources */ = {
			isa = PBXSourcesBuildPhase;
			buildActionMask = 2147483647;
			files = (
				07920E3D2FB2F8CE007F2D93 /* RouteDetailView.swift in Sources */,
				07902A6D2FB5791500A9479A /* RouteCardView.swift in Sources */,
			);
			runOnlyForDeploymentPostprocessing = 0;
		};
		07920E0B2FB2F66D007F2D93 /* Sources */ = {
			isa = PBXSourcesBuildPhase;
			buildActionMask = 2147483647;
			files = (
			);
			runOnlyForDeploymentPostprocessing = 0;
		};
		07920E152FB2F66D007F2D93 /* Sources */ = {
			isa = PBXSourcesBuildPhase;
			buildActionMask = 2147483647;
			files = (
			);
			runOnlyForDeploymentPostprocessing = 0;
		};
/* End PBXSourcesBuildPhase section */

/* Begin PBXTargetDependency section */
		07920E112FB2F66D007F2D93 /* PBXTargetDependency */ = {
			isa = PBXTargetDependency;
			target = 07920E012FB2F66C007F2D93 /* TransitIA */;
			targetProxy = 07920E102FB2F66D007F2D93 /* PBXContainerItemProxy */;
		};
		07920E1B2FB2F66D007F2D93 /* PBXTargetDependency */ = {
			isa = PBXTargetDependency;
			target = 07920E012FB2F66C007F2D93 /* TransitIA */;
			targetProxy = 07920E1A2FB2F66D007F2D93 /* PBXContainerItemProxy */;
		};
/* End PBXTargetDependency section */

/* Begin XCBuildConfiguration section */
		07920E212FB2F66D007F2D93 /* Debug */ = {
			isa = XCBuildConfiguration;
			buildSettings = {
				ALWAYS_SEARCH_USER_PATHS = NO;
				ASSETCATALOG_COMPILER_GENERATE_SWIFT_ASSET_SYMBOL_EXTENSIONS = YES;
				CLANG_ANALYZER_NONNULL = YES;
				CLANG_ANALYZER_NUMBER_OBJECT_CONVERSION = YES_AGGRESSIVE;
				CLANG_CXX_LANGUAGE_STANDARD = "gnu++20";
				CLANG_ENABLE_MODULES = YES;
				CLANG_ENABLE_OBJC_ARC = YES;
				CLANG_ENABLE_OBJC_WEAK = YES;
				CLANG_WARN_BLOCK_CAPTURE_AUTORELEASING = YES;
				CLANG_WARN_BOOL_CONVERSION = YES;
				CLANG_WARN_COMMA = YES;
				CLANG_WARN_CONSTANT_CONVERSION = YES;
				CLANG_WARN_DEPRECATED_OBJC_IMPLEMENTATIONS = YES;
				CLANG_WARN_DIRECT_OBJC_ISA_USAGE = YES_ERROR;
				CLANG_WARN_DOCUMENTATION_COMMENTS = YES;
				CLANG_WARN_EMPTY_BODY = YES;
				CLANG_WARN_ENUM_CONVERSION = YES;
				CLANG_WARN_INFINITE_RECURSION = YES;
				CLANG_WARN_INT_CONVERSION = YES;
				CLANG_WARN_NON_LITERAL_NULL_CONVERSION = YES;
				CLANG_WARN_OBJC_IMPLICIT_RETAIN_SELF = YES;
				CLANG_WARN_OBJC_LITERAL_CONVERSION = YES;
				CLANG_WARN_OBJC_ROOT_CLASS = YES_ERROR;
				CLANG_WARN_QUOTED_INCLUDE_IN_FRAMEWORK_HEADER = YES;
				CLANG_WARN_RANGE_LOOP_ANALYSIS = YES;
				CLANG_WARN_STRICT_PROTOTYPES = YES;
				CLANG_WARN_SUSPICIOUS_MOVE = YES;
				CLANG_WARN_UNGUARDED_AVAILABILITY = YES_AGGRESSIVE;
				CLANG_WARN_UNREACHABLE_CODE = YES;
				CLANG_WARN__DUPLICATE_METHOD_MATCH = YES;
				COPY_PHASE_STRIP = NO;
				DEBUG_INFORMATION_FORMAT = dwarf;
				DEVELOPMENT_TEAM = B7TN6NAD4T;
				ENABLE_STRICT_OBJC_MSGSEND = YES;
				ENABLE_TESTABILITY = YES;
				ENABLE_USER_SCRIPT_SANDBOXING = YES;
				GCC_C_LANGUAGE_STANDARD = gnu17;
				GCC_DYNAMIC_NO_PIC = NO;
				GCC_NO_COMMON_BLOCKS = YES;
				GCC_OPTIMIZATION_LEVEL = 0;
				GCC_PREPROCESSOR_DEFINITIONS = (
					"DEBUG=1",
					"$(inherited)",
				);
				GCC_WARN_64_TO_32_BIT_CONVERSION = YES;
				GCC_WARN_ABOUT_RETURN_TYPE = YES_ERROR;
				GCC_WARN_UNDECLARED_SELECTOR = YES;
				GCC_WARN_UNINITIALIZED_AUTOS = YES_AGGRESSIVE;
				GCC_WARN_UNUSED_FUNCTION = YES;
				GCC_WARN_UNUSED_VARIABLE = YES;
				IPHONEOS_DEPLOYMENT_TARGET = 26.4;
				LOCALIZATION_PREFERS_STRING_CATALOGS = YES;
				MTL_ENABLE_DEBUG_INFO = INCLUDE_SOURCE;
				MTL_FAST_MATH = YES;
				ONLY_ACTIVE_ARCH = YES;
				SDKROOT = iphoneos;
				SWIFT_ACTIVE_COMPILATION_CONDITIONS = "DEBUG $(inherited)";
				SWIFT_OPTIMIZATION_LEVEL = "-Onone";
			};
			name = Debug;
		};
		07920E222FB2F66D007F2D93 /* Release */ = {
			isa = XCBuildConfiguration;
			buildSettings = {
				ALWAYS_SEARCH_USER_PATHS = NO;
				ASSETCATALOG_COMPILER_GENERATE_SWIFT_ASSET_SYMBOL_EXTENSIONS = YES;
				CLANG_ANALYZER_NONNULL = YES;
				CLANG_ANALYZER_NUMBER_OBJECT_CONVERSION = YES_AGGRESSIVE;
				CLANG_CXX_LANGUAGE_STANDARD = "gnu++20";
				CLANG_ENABLE_MODULES = YES;
				CLANG_ENABLE_OBJC_ARC = YES;
				CLANG_ENABLE_OBJC_WEAK = YES;
				CLANG_WARN_BLOCK_CAPTURE_AUTORELEASING = YES;
				CLANG_WARN_BOOL_CONVERSION = YES;
				CLANG_WARN_COMMA = YES;
				CLANG_WARN_CONSTANT_CONVERSION = YES;
				CLANG_WARN_DEPRECATED_OBJC_IMPLEMENTATIONS = YES;
				CLANG_WARN_DIRECT_OBJC_ISA_USAGE = YES_ERROR;
				CLANG_WARN_DOCUMENTATION_COMMENTS = YES;
				CLANG_WARN_EMPTY_BODY = YES;
				CLANG_WARN_ENUM_CONVERSION = YES;
				CLANG_WARN_INFINITE_RECURSION = YES;
				CLANG_WARN_INT_CONVERSION = YES;
				CLANG_WARN_NON_LITERAL_NULL_CONVERSION = YES;
				CLANG_WARN_OBJC_IMPLICIT_RETAIN_SELF = YES;
				CLANG_WARN_OBJC_LITERAL_CONVERSION = YES;
				CLANG_WARN_OBJC_ROOT_CLASS = YES_ERROR;
				CLANG_WARN_QUOTED_INCLUDE_IN_FRAMEWORK_HEADER = YES;
				CLANG_WARN_RANGE_LOOP_ANALYSIS = YES;
				CLANG_WARN_STRICT_PROTOTYPES = YES;
				CLANG_WARN_SUSPICIOUS_MOVE = YES;
				CLANG_WARN_UNGUARDED_AVAILABILITY = YES_AGGRESSIVE;
				CLANG_WARN_UNREACHABLE_CODE = YES;
				CLANG_WARN__DUPLICATE_METHOD_MATCH = YES;
				COPY_PHASE_STRIP = NO;
				DEBUG_INFORMATION_FORMAT = "dwarf-with-dsym";
				DEVELOPMENT_TEAM = B7TN6NAD4T;
				ENABLE_NS_ASSERTIONS = NO;
				ENABLE_STRICT_OBJC_MSGSEND = YES;
				ENABLE_USER_SCRIPT_SANDBOXING = YES;
				GCC_C_LANGUAGE_STANDARD = gnu17;
				GCC_NO_COMMON_BLOCKS = YES;
				GCC_WARN_64_TO_32_BIT_CONVERSION = YES;
				GCC_WARN_ABOUT_RETURN_TYPE = YES_ERROR;
				GCC_WARN_UNDECLARED_SELECTOR = YES;
				GCC_WARN_UNINITIALIZED_AUTOS = YES_AGGRESSIVE;
				GCC_WARN_UNUSED_FUNCTION = YES;
				GCC_WARN_UNUSED_VARIABLE = YES;
				IPHONEOS_DEPLOYMENT_TARGET = 26.4;
				LOCALIZATION_PREFERS_STRING_CATALOGS = YES;
				MTL_ENABLE_DEBUG_INFO = NO;
				MTL_FAST_MATH = YES;
				SDKROOT = iphoneos;
				SWIFT_COMPILATION_MODE = wholemodule;
				VALIDATE_PRODUCT = YES;
			};
			name = Release;
		};
		07920E242FB2F66D007F2D93 /* Debug */ = {
			isa = XCBuildConfiguration;
			buildSettings = {
				ASSETCATALOG_COMPILER_APPICON_NAME = AppIcon;
				ASSETCATALOG_COMPILER_GLOBAL_ACCENT_COLOR_NAME = AccentColor;
				CODE_SIGN_STYLE = Automatic;
				CURRENT_PROJECT_VERSION = 1;
				DEVELOPMENT_TEAM = B7TN6NAD4T;
				ENABLE_PREVIEWS = YES;
				GENERATE_INFOPLIST_FILE = YES;
				INFOPLIST_KEY_UIApplicationSceneManifest_Generation = YES;
				INFOPLIST_KEY_UIApplicationSupportsIndirectInputEvents = YES;
				INFOPLIST_KEY_UILaunchScreen_Generation = YES;
				INFOPLIST_KEY_UISupportedInterfaceOrientations_iPad = "UIInterfaceOrientationPortrait UIInterfaceOrientationPortraitUpsideDown UIInterfaceOrientationLandscapeLeft UIInterfaceOrientationLandscapeRight";
				INFOPLIST_KEY_UISupportedInterfaceOrientations_iPhone = "UIInterfaceOrientationPortrait UIInterfaceOrientationLandscapeLeft UIInterfaceOrientationLandscapeRight";
				LD_RUNPATH_SEARCH_PATHS = (
					"$(inherited)",
					"@executable_path/Frameworks",
				);
				MARKETING_VERSION = 1.0;
				PRODUCT_BUNDLE_IDENTIFIER = com.Integrador.TransitIA;
				PRODUCT_NAME = "$(TARGET_NAME)";
				STRING_CATALOG_GENERATE_SYMBOLS = YES;
				SWIFT_APPROACHABLE_CONCURRENCY = YES;
				SWIFT_DEFAULT_ACTOR_ISOLATION = MainActor;
				SWIFT_EMIT_LOC_STRINGS = YES;
				SWIFT_UPCOMING_FEATURE_MEMBER_IMPORT_VISIBILITY = YES;
				SWIFT_VERSION = 5.0;
				TARGETED_DEVICE_FAMILY = "1,2";
			};
			name = Debug;
		};
		07920E252FB2F66D007F2D93 /* Release */ = {
			isa = XCBuildConfiguration;
			buildSettings = {
				ASSETCATALOG_COMPILER_APPICON_NAME = AppIcon;
				ASSETCATALOG_COMPILER_GLOBAL_ACCENT_COLOR_NAME = AccentColor;
				CODE_SIGN_STYLE = Automatic;
				CURRENT_PROJECT_VERSION = 1;
				DEVELOPMENT_TEAM = B7TN6NAD4T;
				ENABLE_PREVIEWS = YES;
				GENERATE_INFOPLIST_FILE = YES;
				INFOPLIST_KEY_UIApplicationSceneManifest_Generation = YES;
				INFOPLIST_KEY_UIApplicationSupportsIndirectInputEvents = YES;
				INFOPLIST_KEY_UILaunchScreen_Generation = YES;
				INFOPLIST_KEY_UISupportedInterfaceOrientations_iPad = "UIInterfaceOrientationPortrait UIInterfaceOrientationPortraitUpsideDown UIInterfaceOrientationLandscapeLeft UIInterfaceOrientationLandscapeRight";
				INFOPLIST_KEY_UISupportedInterfaceOrientations_iPhone = "UIInterfaceOrientationPortrait UIInterfaceOrientationLandscapeLeft UIInterfaceOrientationLandscapeRight";
				LD_RUNPATH_SEARCH_PATHS = (
					"$(inherited)",
					"@executable_path/Frameworks",
				);
				MARKETING_VERSION = 1.0;
				PRODUCT_BUNDLE_IDENTIFIER = com.Integrador.TransitIA;
				PRODUCT_NAME = "$(TARGET_NAME)";
				STRING_CATALOG_GENERATE_SYMBOLS = YES;
				SWIFT_APPROACHABLE_CONCURRENCY = YES;
				SWIFT_DEFAULT_ACTOR_ISOLATION = MainActor;
				SWIFT_EMIT_LOC_STRINGS = YES;
				SWIFT_UPCOMING_FEATURE_MEMBER_IMPORT_VISIBILITY = YES;
				SWIFT_VERSION = 5.0;
				TARGETED_DEVICE_FAMILY = "1,2";
			};
			name = Release;
		};
		07920E272FB2F66D007F2D93 /* Debug */ = {
			isa = XCBuildConfiguration;
			buildSettings = {
				BUNDLE_LOADER = "$(TEST_HOST)";
				CODE_SIGN_STYLE = Automatic;
				CURRENT_PROJECT_VERSION = 1;
				DEVELOPMENT_TEAM = B7TN6NAD4T;
				GENERATE_INFOPLIST_FILE = YES;
				IPHONEOS_DEPLOYMENT_TARGET = 26.4;
				MARKETING_VERSION = 1.0;
				PRODUCT_BUNDLE_IDENTIFIER = com.Integrador.TransitIATests;
				PRODUCT_NAME = "$(TARGET_NAME)";
				STRING_CATALOG_GENERATE_SYMBOLS = NO;
				SWIFT_APPROACHABLE_CONCURRENCY = YES;
				SWIFT_EMIT_LOC_STRINGS = NO;
				SWIFT_UPCOMING_FEATURE_MEMBER_IMPORT_VISIBILITY = YES;
				SWIFT_VERSION = 5.0;
				TARGETED_DEVICE_FAMILY = "1,2";
				TEST_HOST = "$(BUILT_PRODUCTS_DIR)/TransitIA.app/$(BUNDLE_EXECUTABLE_FOLDER_PATH)/TransitIA";
			};
			name = Debug;
		};
		07920E282FB2F66D007F2D93 /* Release */ = {
			isa = XCBuildConfiguration;
			buildSettings = {
				BUNDLE_LOADER = "$(TEST_HOST)";
				CODE_SIGN_STYLE = Automatic;
				CURRENT_PROJECT_VERSION = 1;
				DEVELOPMENT_TEAM = B7TN6NAD4T;
				GENERATE_INFOPLIST_FILE = YES;
				IPHONEOS_DEPLOYMENT_TARGET = 26.4;
				MARKETING_VERSION = 1.0;
				PRODUCT_BUNDLE_IDENTIFIER = com.Integrador.TransitIATests;
				PRODUCT_NAME = "$(TARGET_NAME)";
				STRING_CATALOG_GENERATE_SYMBOLS = NO;
				SWIFT_APPROACHABLE_CONCURRENCY = YES;
				SWIFT_EMIT_LOC_STRINGS = NO;
				SWIFT_UPCOMING_FEATURE_MEMBER_IMPORT_VISIBILITY = YES;
				SWIFT_VERSION = 5.0;
				TARGETED_DEVICE_FAMILY = "1,2";
				TEST_HOST = "$(BUILT_PRODUCTS_DIR)/TransitIA.app/$(BUNDLE_EXECUTABLE_FOLDER_PATH)/TransitIA";
			};
			name = Release;
		};
		07920E2A2FB2F66D007F2D93 /* Debug */ = {
			isa = XCBuildConfiguration;
			buildSettings = {
				CODE_SIGN_STYLE = Automatic;
				CURRENT_PROJECT_VERSION = 1;
				DEVELOPMENT_TEAM = B7TN6NAD4T;
				GENERATE_INFOPLIST_FILE = YES;
				MARKETING_VERSION = 1.0;
				PRODUCT_BUNDLE_IDENTIFIER = com.Integrador.TransitIAUITests;
				PRODUCT_NAME = "$(TARGET_NAME)";
				STRING_CATALOG_GENERATE_SYMBOLS = NO;
				SWIFT_APPROACHABLE_CONCURRENCY = YES;
				SWIFT_EMIT_LOC_STRINGS = NO;
				SWIFT_UPCOMING_FEATURE_MEMBER_IMPORT_VISIBILITY = YES;
				SWIFT_VERSION = 5.0;
				TARGETED_DEVICE_FAMILY = "1,2";
				TEST_TARGET_NAME = TransitIA;
			};
			name = Debug;
		};
		07920E2B2FB2F66D007F2D93 /* Release */ = {
			isa = XCBuildConfiguration;
			buildSettings = {
				CODE_SIGN_STYLE = Automatic;
				CURRENT_PROJECT_VERSION = 1;
				DEVELOPMENT_TEAM = B7TN6NAD4T;
				GENERATE_INFOPLIST_FILE = YES;
				MARKETING_VERSION = 1.0;
				PRODUCT_BUNDLE_IDENTIFIER = com.Integrador.TransitIAUITests;
				PRODUCT_NAME = "$(TARGET_NAME)";
				STRING_CATALOG_GENERATE_SYMBOLS = NO;
				SWIFT_APPROACHABLE_CONCURRENCY = YES;
				SWIFT_EMIT_LOC_STRINGS = NO;
				SWIFT_UPCOMING_FEATURE_MEMBER_IMPORT_VISIBILITY = YES;
				SWIFT_VERSION = 5.0;
				TARGETED_DEVICE_FAMILY = "1,2";
				TEST_TARGET_NAME = TransitIA;
			};
			name = Release;
		};
/* End XCBuildConfiguration section */

/* Begin XCConfigurationList section */
		07920DFD2FB2F66C007F2D93 /* Build configuration list for PBXProject "TransitIA" */ = {
			isa = XCConfigurationList;
			buildConfigurations = (
				07920E212FB2F66D007F2D93 /* Debug */,
				07920E222FB2F66D007F2D93 /* Release */,
			);
			defaultConfigurationIsVisible = 0;
			defaultConfigurationName = Release;
		};
		07920E232FB2F66D007F2D93 /* Build configuration list for PBXNativeTarget "TransitIA" */ = {
			isa = XCConfigurationList;
			buildConfigurations = (
				07920E242FB2F66D007F2D93 /* Debug */,
				07920E252FB2F66D007F2D93 /* Release */,
			);
			defaultConfigurationIsVisible = 0;
			defaultConfigurationName = Release;
		};
		07920E262FB2F66D007F2D93 /* Build configuration list for PBXNativeTarget "TransitIATests" */ = {
			isa = XCConfigurationList;
			buildConfigurations = (
				07920E272FB2F66D007F2D93 /* Debug */,
				07920E282FB2F66D007F2D93 /* Release */,
			);
			defaultConfigurationIsVisible = 0;
			defaultConfigurationName = Release;
		};
		07920E292FB2F66D007F2D93 /* Build configuration list for PBXNativeTarget "TransitIAUITests" */ = {
			isa = XCConfigurationList;
			buildConfigurations = (
				07920E2A2FB2F66D007F2D93 /* Debug */,
				07920E2B2FB2F66D007F2D93 /* Release */,
			);
			defaultConfigurationIsVisible = 0;
			defaultConfigurationName = Release;
		};
/* End XCConfigurationList section */
	};
	rootObject = 07920DFA2FB2F66C007F2D93 /* Project object */;
}
